
Microsoft Visual Studio Solution File, Format Version 12.00
# Visual Studio Version 17
VisualStudioVersion = 17.14.36414.22 d17.14
MinimumVisualStudioVersion = 10.0.40219.1
Project("{FAE04EC0-301F-11D3-BF4B-00C04F79EFBC}") = "html-to-pdf-.NET", "html-to-pdf-.NET.csproj", "{0DA9F498-7892-4D60-9635-7CDE35D7FBCC}"
EndProject
Global
	GlobalSection(SolutionConfigurationPlatforms) = preSolution
		Debug|Any CPU = Debug|Any CPU
		Release|Any CPU = Release|Any CPU
	EndGlobalSection
	GlobalSection(ProjectConfigurationPlatforms) = postSolution
		{0DA9F498-7892-4D60-9635-7CDE35D7FBCC}.Debug|Any CPU.ActiveCfg = Debug|Any CPU
		{0DA9F498-7892-4D60-9635-7CDE35D7FBCC}.Debug|Any CPU.Build.0 = Debug|Any CPU
		{0DA9F498-7892-4D60-9635-7CDE35D7FBCC}.Release|Any CPU.ActiveCfg = Release|Any CPU
		{0DA9F498-7892-4D60-9635-7CDE35D7FBCC}.Release|Any CPU.Build.0 = Release|Any CPU
	EndGlobalSection
	GlobalSection(SolutionProperties) = preSolution
		HideSolutionNode = FALSE
	EndGlobalSection
	GlobalSection(ExtensibilityGlobals) = postSolution
		SolutionGuid = {96A1F0BC-205B-439B-B37C-F89E353A1D69}
	EndGlobalSection
EndGlobal
